version = 1
requires-python = ">=3.11"

[[package]]
name = "python-http-client"
version = "3.3.7"
source = { registry = "https://pypi.org/simple" }
sdist = { url = "https://files.pythonhosted.org/packages/56/fa/284e52a8c6dcbe25671f02d217bf2f85660db940088faf18ae7a05e97313/python_http_client-3.3.7.tar.gz", hash = "sha256:bf841ee45262747e00dec7ee9971dfb8c7d83083f5713596488d67739170cea0", size = 9377 }
wheels = [
    { url = "https://files.pythonhosted.org/packages/29/31/9b360138f4e4035ee9dac4fe1132b6437bd05751aaf1db2a2d83dc45db5f/python_http_client-3.3.7-py3-none-any.whl", hash = "sha256:ad371d2bbedc6ea15c26179c6222a78bc9308d272435ddf1d5c84f068f249a36", size = 8352 },
]

[[package]]
name = "repl-nix-workspace"
version = "0.1.0"
source = { virtual = "." }
dependencies = [
    { name = "sendgrid" },
]

[package.metadata]
requires-dist = [{ name = "sendgrid", specifier = ">=6.11.0" }]

[[package]]
name = "sendgrid"
version = "6.11.0"
source = { registry = "https://pypi.org/simple" }
dependencies = [
    { name = "python-http-client" },
    { name = "starkbank-ecdsa" },
]
sdist = { url = "https://files.pythonhosted.org/packages/df/48/d5bb52b65456da8a40d1b083bdd78168e3f26180dc2a18d92b315a79dcc3/sendgrid-6.11.0.tar.gz", hash = "sha256:71424b2a97f5a034121ea3b2666c653ba0ed315982f0d57b7851c0c9503dc5ab", size = 49923 }
wheels = [
    { url = "https://files.pythonhosted.org/packages/08/5f/16c45fdf3205db65ca4409528069cc25f74383610e902716462d9bb944fd/sendgrid-6.11.0-py3-none-any.whl", hash = "sha256:43ecf5bb742ea5850c7cfe68f5e7d9948772352306d4e83e119899959538b884", size = 101921 },
]

[[package]]
name = "starkbank-ecdsa"
version = "2.2.0"
source = { registry = "https://pypi.org/simple" }
sdist = { url = "https://files.pythonhosted.org/packages/a3/f8/a6091be6a60ed4df9ac806c89fbc5fe1a3416d0284f3ba70aa09a3419428/starkbank-ecdsa-2.2.0.tar.gz", hash = "sha256:9399c3371b899d4a235b68a1ed7919d202fbf024bd2c863ae8ebdad343c2a63a", size = 14690 }
